
Microsoft Visual Studio Solution File, Format Version 12.00
# Visual Studio 15
VisualStudioVersion = 15.0.28307.572
MinimumVisualStudioVersion = 10.0.40219.1
Project("{8BC9CEB8-8B4A-11D0-8D11-00A0C91BC942}") = "Proyecto2_MelissaMansilla_1061719", "Proyecto2_MelissaMansilla_1061719\Proyecto2_MelissaMansilla_1061719.vcxproj", "{267B8B03-4F3B-4B8B-995F-6566EB6F92B1}"
EndProject
Global
	GlobalSection(SolutionConfigurationPlatforms) = preSolution
		Debug|x64 = Debug|x64
		Debug|x86 = Debug|x86
		Release|x64 = Release|x64
		Release|x86 = Release|x86
	EndGlobalSection
	GlobalSection(ProjectConfigurationPlatforms) = postSolution
		{267B8B03-4F3B-4B8B-995F-6566EB6F92B1}.Debug|x64.ActiveCfg = Debug|x64
		{267B8B03-4F3B-4B8B-995F-6566EB6F92B1}.Debug|x64.Build.0 = Debug|x64
		{267B8B03-4F3B-4B8B-995F-6566EB6F92B1}.Debug|x86.ActiveCfg = Debug|Win32
		{267B8B03-4F3B-4B8B-995F-6566EB6F92B1}.Debug|x86.Build.0 = Debug|Win32
		{267B8B03-4F3B-4B8B-995F-6566EB6F92B1}.Release|x64.ActiveCfg = Release|x64
		{267B8B03-4F3B-4B8B-995F-6566EB6F92B1}.Release|x64.Build.0 = Release|x64
		{267B8B03-4F3B-4B8B-995F-6566EB6F92B1}.Release|x86.ActiveCfg = Release|Win32
		{267B8B03-4F3B-4B8B-995F-6566EB6F92B1}.Release|x86.Build.0 = Release|Win32
	EndGlobalSection
	GlobalSection(SolutionProperties) = preSolution
		HideSolutionNode = FALSE
	EndGlobalSection
	GlobalSection(ExtensibilityGlobals) = postSolution
		SolutionGuid = {298BD259-060D-4946-8EC3-B6393899941A}
	EndGlobalSection
EndGlobal
